
Microsoft Visual Studio Solution File, Format Version 12.00
# Visual Studio Version 17
VisualStudioVersion = 17.8.34525.116
MinimumVisualStudioVersion = 10.0.40219.1
Project("{FAE04EC0-301F-11D3-BF4B-00C04F79EFBC}") = "Rooster", "Rooster\Rooster.csproj", "{80EE2F6B-1454-46E8-AEF7-668D5C5EAF67}"
EndProject
Global
	GlobalSection(SolutionConfigurationPlatforms) = preSolution
		Debug|Any CPU = Debug|Any CPU
		Release|Any CPU = Release|Any CPU
	EndGlobalSection
	GlobalSection(ProjectConfigurationPlatforms) = postSolution
		{80EE2F6B-1454-46E8-AEF7-668D5C5EAF67}.Debug|Any CPU.ActiveCfg = Debug|Any CPU
		{80EE2F6B-1454-46E8-AEF7-668D5C5EAF67}.Debug|Any CPU.Build.0 = Debug|Any CPU
		{80EE2F6B-1454-46E8-AEF7-668D5C5EAF67}.Debug|Any CPU.Deploy.0 = Debug|Any CPU
		{80EE2F6B-1454-46E8-AEF7-668D5C5EAF67}.Release|Any CPU.ActiveCfg = Release|Any CPU
		{80EE2F6B-1454-46E8-AEF7-668D5C5EAF67}.Release|Any CPU.Build.0 = Release|Any CPU
		{80EE2F6B-1454-46E8-AEF7-668D5C5EAF67}.Release|Any CPU.Deploy.0 = Release|Any CPU
	EndGlobalSection
	GlobalSection(SolutionProperties) = preSolution
		HideSolutionNode = FALSE
	EndGlobalSection
	GlobalSection(ExtensibilityGlobals) = postSolution
		SolutionGuid = {7B7DA617-87D9-4C56-93BC-D148ACA27F1E}
	EndGlobalSection
EndGlobal
